{
  "name": "wiregarden",
  "version": "0.2.2",
  "lockfileVersion": 2,
  "requires": true,
  "packages": {
    "": {
      "name": "wiregarden",
      "version": "0.2.2",
      "license": "MIT",
      "dependencies": {
        "google-protobuf": "^3.17.1"
      }
    },
    "node_modules/google-protobuf": {
      "version": "3.17.1",
      "resolved": "https://registry.npmjs.org/google-protobuf/-/google-protobuf-3.17.1.tgz",
      "integrity": "sha512-CHisE5cwd66w6y/K4K7x2N+SSZ0HgPBQwky7lKsj2vr4nXPuXQ2uUZgMF/ctXnd4xHL747Lh8LUgby2nA8gViA=="
    }
  },
  "dependencies": {
    "google-protobuf": {
      "version": "3.17.1",
      "resolved": "https://registry.npmjs.org/google-protobuf/-/google-protobuf-3.17.1.tgz",
      "integrity": "sha512-CHisE5cwd66w6y/K4K7x2N+SSZ0HgPBQwky7lKsj2vr4nXPuXQ2uUZgMF/ctXnd4xHL747Lh8LUgby2nA8gViA=="
    }
  }
}
